
Microsoft Visual Studio Solution File, Format Version 12.00
# Visual Studio 15
VisualStudioVersion = 15.0.27004.2006
MinimumVisualStudioVersion = 10.0.40219.1
Project("{FAE04EC0-301F-11D3-BF4B-00C04F79EFBC}") = "QLKS", "QLKS\QLKS.csproj", "{03C45910-800D-4A47-9F94-FD8115B598D3}"
EndProject
Global
	GlobalSection(SolutionConfigurationPlatforms) = preSolution
		Debug|Any CPU = Debug|Any CPU
		Release|Any CPU = Release|Any CPU
	EndGlobalSection
	GlobalSection(ProjectConfigurationPlatforms) = postSolution
		{03C45910-800D-4A47-9F94-FD8115B598D3}.Debug|Any CPU.ActiveCfg = Debug|Any CPU
		{03C45910-800D-4A47-9F94-FD8115B598D3}.Debug|Any CPU.Build.0 = Debug|Any CPU
		{03C45910-800D-4A47-9F94-FD8115B598D3}.Release|Any CPU.ActiveCfg = Release|Any CPU
		{03C45910-800D-4A47-9F94-FD8115B598D3}.Release|Any CPU.Build.0 = Release|Any CPU
	EndGlobalSection
	GlobalSection(SolutionProperties) = preSolution
		HideSolutionNode = FALSE
	EndGlobalSection
	GlobalSection(ExtensibilityGlobals) = postSolution
		SolutionGuid = {4AC6AAFD-5C75-4966-80A6-335D3CAD5AE6}
	EndGlobalSection
EndGlobal
